{
  "version": 4,
  "terraform_version": "0.12.29",
  "serial": 6,
  "lineage": "3afc0695-2069-acac-03f8-83951c438930",
  "outputs": {},
  "resources": [
    {
      "mode": "managed",
      "type": "opsgenie_user",
      "name": "fred_krueger",
      "provider": "provider.opsgenie",
      "instances": [
        {
          "schema_version": 0,
          "attributes": {
            "full_name": "Fred Krueger",
            "id": "07c47f04-9d2e-40f3-9f50-df171999b11a",
            "locale": "en_US",
            "role": "User",
            "skype_username": "skypename",
            "tags": [
              "opsgenie",
              "sre"
            ],
            "timezone": "America/New_York",
            "user_address": [
              {
                "city": "Springwood",
                "country": "USA",
                "line": "",
                "state": "Ohio",
                "zipcode": "45505"
              }
            ],
            "user_details": {
              "key1": "val1,val2",
              "key2": "val3,val4"
            },
            "username": "fkrueger@domain.com"
          },
          "private": "bnVsbA=="
        }
      ]
    }
  ]
}
